{
  "version": 4,
  "terraform_version": "1.11.4",
  "serial": 158,
  "lineage": "d49c3328-0efc-e5df-eb00-9b02444e3775",
  "outputs": {},
  "resources": [
    {
      "mode": "data",
      "type": "aws_subnets",
      "name": "default_subnets",
      "provider": "provider[\"registry.terraform.io/hashicorp/aws\"]",
      "instances": [
        {
          "schema_version": 0,
          "attributes": {
            "filter": [
              {
                "name": "vpc-id",
                "values": [
                  "vpc-0831055345b75f5d1"
                ]
              }
            ],
            "id": "us-east-1",
            "ids": [
              "subnet-0caae72f8762e71fd",
              "subnet-0993ca89727152b5f",
              "subnet-0dc83f0a90e6341d2",
              "subnet-0e0be61b12e125be5",
              "subnet-087005b0103a2f0e5",
              "subnet-0565c72c8be2a4a50"
            ],
            "tags": null,
            "timeouts": null
          },
          "sensitive_attributes": []
        }
      ]
    },
    {
      "mode": "managed",
      "type": "aws_default_vpc",
      "name": "default",
      "provider": "provider[\"registry.terraform.io/hashicorp/aws\"]",
      "instances": [
        {
          "schema_version": 1,
          "attributes": {
            "arn": "arn:aws:ec2:us-east-1:725625542800:vpc/vpc-0831055345b75f5d1",
            "assign_generated_ipv6_cidr_block": false,
            "cidr_block": "172.31.0.0/16",
            "default_network_acl_id": "acl-032e4551378765583",
            "default_route_table_id": "rtb-06a9cfa8d75f2ec4e",
            "default_security_group_id": "sg-0ed91487e0e2ccd52",
            "dhcp_options_id": "dopt-079153d9273d7fb4e",
            "enable_dns_hostnames": true,
            "enable_dns_support": true,
            "enable_network_address_usage_metrics": false,
            "existing_default_vpc": true,
            "force_destroy": false,
            "id": "vpc-0831055345b75f5d1",
            "instance_tenancy": "default",
            "ipv6_association_id": "",
            "ipv6_cidr_block": "",
            "ipv6_cidr_block_network_border_group": "",
            "ipv6_ipam_pool_id": "",
            "ipv6_netmask_length": 0,
            "main_route_table_id": "rtb-06a9cfa8d75f2ec4e",
            "owner_id": "725625542800",
            "tags": null,
            "tags_all": {}
          },
          "sensitive_attributes": [],
          "private": "eyJzY2hlbWFfdmVyc2lvbiI6IjEifQ=="
        }
      ]
    }
  ],
  "check_results": null
}
